
Microsoft Visual Studio Solution File, Format Version 12.00
# Visual Studio Version 17
VisualStudioVersion = 17.0.31903.59
MinimumVisualStudioVersion = 10.0.40219.1
Project("{2150E333-8FDC-42A3-9474-1A3956D46DE8}") = "Aula02", "Aula02", "{30625B67-50E2-3290-E11B-CFFFE7C12F3E}"
EndProject
Project("{FAE04EC0-301F-11D3-BF4B-00C04F79EFBC}") = "exercicio01", "Aula02\exercicio01\exercicio01.csproj", "{DB8DC859-FF2D-4B45-A53E-A88D14A4484E}"
EndProject
Project("{FAE04EC0-301F-11D3-BF4B-00C04F79EFBC}") = "exercicio04", "Aula02\exercicio04\exercicio04.csproj", "{5524F5E2-9E42-4B46-950D-48387FEEE00E}"
EndProject
Project("{FAE04EC0-301F-11D3-BF4B-00C04F79EFBC}") = "exercicio01", "exercicio01\exercicio01.csproj", "{37DE5FA6-3936-44C3-8F02-436B5E1AEAD9}"
EndProject
Project("{2150E333-8FDC-42A3-9474-1A3956D46DE8}") = "Aula04", "Aula04", "{AA9DB573-8FBF-AD2A-31C4-7133FA26FAF8}"
EndProject
Project("{FAE04EC0-301F-11D3-BF4B-00C04F79EFBC}") = "exercicio03", "Aula04\exercicio03\exercicio03.csproj", "{D411CA48-3D38-4E04-91B3-349E77F0525C}"
EndProject
Project("{FAE04EC0-301F-11D3-BF4B-00C04F79EFBC}") = "exercicio01", "Aula04\exercicio01\exercicio01.csproj", "{B1ED1BBA-59DC-4847-A380-E3BEFBCA7104}"
EndProject
Project("{2150E333-8FDC-42A3-9474-1A3956D46DE8}") = "Aula05", "Aula05", "{8E79E8E2-0076-BB2C-8AFC-2DF921FBEA30}"
EndProject
Project("{FAE04EC0-301F-11D3-BF4B-00C04F79EFBC}") = "exercicio01", "Aula05\exercicio01\exercicio01.csproj", "{3D263C24-C5CA-45DA-9345-0176CFB1C73A}"
EndProject
Project("{FAE04EC0-301F-11D3-BF4B-00C04F79EFBC}") = "exercicio02", "Aula05\exercicio02\exercicio02.csproj", "{AB1E506A-AEA6-44FC-8832-91E2F310C8A3}"
EndProject
Project("{FAE04EC0-301F-11D3-BF4B-00C04F79EFBC}") = "exercicio04", "Aula05\exercicio04\exercicio04.csproj", "{3F764796-4903-4D3A-A11F-12B1D0F0B7EB}"
EndProject
Project("{2150E333-8FDC-42A3-9474-1A3956D46DE8}") = "Aula01", "Aula01", "{AB451824-C61C-77B0-27A7-9C45A6BDF2F4}"
EndProject
Project("{FAE04EC0-301F-11D3-BF4B-00C04F79EFBC}") = "helloworld", "Aula01\helloworld\helloworld.csproj", "{EA43A956-FB65-4919-94F3-E4EC3D86E750}"
EndProject
Global
	GlobalSection(SolutionConfigurationPlatforms) = preSolution
		Debug|Any CPU = Debug|Any CPU
		Debug|x64 = Debug|x64
		Debug|x86 = Debug|x86
		Release|Any CPU = Release|Any CPU
		Release|x64 = Release|x64
		Release|x86 = Release|x86
	EndGlobalSection
	GlobalSection(ProjectConfigurationPlatforms) = postSolution
		{DB8DC859-FF2D-4B45-A53E-A88D14A4484E}.Debug|Any CPU.ActiveCfg = Debug|Any CPU
		{DB8DC859-FF2D-4B45-A53E-A88D14A4484E}.Debug|Any CPU.Build.0 = Debug|Any CPU
		{DB8DC859-FF2D-4B45-A53E-A88D14A4484E}.Debug|x64.ActiveCfg = Debug|Any CPU
		{DB8DC859-FF2D-4B45-A53E-A88D14A4484E}.Debug|x64.Build.0 = Debug|Any CPU
		{DB8DC859-FF2D-4B45-A53E-A88D14A4484E}.Debug|x86.ActiveCfg = Debug|Any CPU
		{DB8DC859-FF2D-4B45-A53E-A88D14A4484E}.Debug|x86.Build.0 = Debug|Any CPU
		{DB8DC859-FF2D-4B45-A53E-A88D14A4484E}.Release|Any CPU.ActiveCfg = Release|Any CPU
		{DB8DC859-FF2D-4B45-A53E-A88D14A4484E}.Release|Any CPU.Build.0 = Release|Any CPU
		{DB8DC859-FF2D-4B45-A53E-A88D14A4484E}.Release|x64.ActiveCfg = Release|Any CPU
		{DB8DC859-FF2D-4B45-A53E-A88D14A4484E}.Release|x64.Build.0 = Release|Any CPU
		{DB8DC859-FF2D-4B45-A53E-A88D14A4484E}.Release|x86.ActiveCfg = Release|Any CPU
		{DB8DC859-FF2D-4B45-A53E-A88D14A4484E}.Release|x86.Build.0 = Release|Any CPU
		{5524F5E2-9E42-4B46-950D-48387FEEE00E}.Debug|Any CPU.ActiveCfg = Debug|Any CPU
		{5524F5E2-9E42-4B46-950D-48387FEEE00E}.Debug|Any CPU.Build.0 = Debug|Any CPU
		{5524F5E2-9E42-4B46-950D-48387FEEE00E}.Debug|x64.ActiveCfg = Debug|Any CPU
		{5524F5E2-9E42-4B46-950D-48387FEEE00E}.Debug|x64.Build.0 = Debug|Any CPU
		{5524F5E2-9E42-4B46-950D-48387FEEE00E}.Debug|x86.ActiveCfg = Debug|Any CPU
		{5524F5E2-9E42-4B46-950D-48387FEEE00E}.Debug|x86.Build.0 = Debug|Any CPU
		{5524F5E2-9E42-4B46-950D-48387FEEE00E}.Release|Any CPU.ActiveCfg = Release|Any CPU
		{5524F5E2-9E42-4B46-950D-48387FEEE00E}.Release|Any CPU.Build.0 = Release|Any CPU
		{5524F5E2-9E42-4B46-950D-48387FEEE00E}.Release|x64.ActiveCfg = Release|Any CPU
		{5524F5E2-9E42-4B46-950D-48387FEEE00E}.Release|x64.Build.0 = Release|Any CPU
		{5524F5E2-9E42-4B46-950D-48387FEEE00E}.Release|x86.ActiveCfg = Release|Any CPU
		{5524F5E2-9E42-4B46-950D-48387FEEE00E}.Release|x86.Build.0 = Release|Any CPU
		{37DE5FA6-3936-44C3-8F02-436B5E1AEAD9}.Debug|Any CPU.ActiveCfg = Debug|Any CPU
		{37DE5FA6-3936-44C3-8F02-436B5E1AEAD9}.Debug|Any CPU.Build.0 = Debug|Any CPU
		{37DE5FA6-3936-44C3-8F02-436B5E1AEAD9}.Debug|x64.ActiveCfg = Debug|Any CPU
		{37DE5FA6-3936-44C3-8F02-436B5E1AEAD9}.Debug|x64.Build.0 = Debug|Any CPU
		{37DE5FA6-3936-44C3-8F02-436B5E1AEAD9}.Debug|x86.ActiveCfg = Debug|Any CPU
		{37DE5FA6-3936-44C3-8F02-436B5E1AEAD9}.Debug|x86.Build.0 = Debug|Any CPU
		{37DE5FA6-3936-44C3-8F02-436B5E1AEAD9}.Release|Any CPU.ActiveCfg = Release|Any CPU
		{37DE5FA6-3936-44C3-8F02-436B5E1AEAD9}.Release|Any CPU.Build.0 = Release|Any CPU
		{37DE5FA6-3936-44C3-8F02-436B5E1AEAD9}.Release|x64.ActiveCfg = Release|Any CPU
		{37DE5FA6-3936-44C3-8F02-436B5E1AEAD9}.Release|x64.Build.0 = Release|Any CPU
		{37DE5FA6-3936-44C3-8F02-436B5E1AEAD9}.Release|x86.ActiveCfg = Release|Any CPU
		{37DE5FA6-3936-44C3-8F02-436B5E1AEAD9}.Release|x86.Build.0 = Release|Any CPU
		{D411CA48-3D38-4E04-91B3-349E77F0525C}.Debug|Any CPU.ActiveCfg = Debug|Any CPU
		{D411CA48-3D38-4E04-91B3-349E77F0525C}.Debug|Any CPU.Build.0 = Debug|Any CPU
		{D411CA48-3D38-4E04-91B3-349E77F0525C}.Debug|x64.ActiveCfg = Debug|Any CPU
		{D411CA48-3D38-4E04-91B3-349E77F0525C}.Debug|x64.Build.0 = Debug|Any CPU
		{D411CA48-3D38-4E04-91B3-349E77F0525C}.Debug|x86.ActiveCfg = Debug|Any CPU
		{D411CA48-3D38-4E04-91B3-349E77F0525C}.Debug|x86.Build.0 = Debug|Any CPU
		{D411CA48-3D38-4E04-91B3-349E77F0525C}.Release|Any CPU.ActiveCfg = Release|Any CPU
		{D411CA48-3D38-4E04-91B3-349E77F0525C}.Release|Any CPU.Build.0 = Release|Any CPU
		{D411CA48-3D38-4E04-91B3-349E77F0525C}.Release|x64.ActiveCfg = Release|Any CPU
		{D411CA48-3D38-4E04-91B3-349E77F0525C}.Release|x64.Build.0 = Release|Any CPU
		{D411CA48-3D38-4E04-91B3-349E77F0525C}.Release|x86.ActiveCfg = Release|Any CPU
		{D411CA48-3D38-4E04-91B3-349E77F0525C}.Release|x86.Build.0 = Release|Any CPU
		{B1ED1BBA-59DC-4847-A380-E3BEFBCA7104}.Debug|Any CPU.ActiveCfg = Debug|Any CPU
		{B1ED1BBA-59DC-4847-A380-E3BEFBCA7104}.Debug|Any CPU.Build.0 = Debug|Any CPU
		{B1ED1BBA-59DC-4847-A380-E3BEFBCA7104}.Debug|x64.ActiveCfg = Debug|Any CPU
		{B1ED1BBA-59DC-4847-A380-E3BEFBCA7104}.Debug|x64.Build.0 = Debug|Any CPU
		{B1ED1BBA-59DC-4847-A380-E3BEFBCA7104}.Debug|x86.ActiveCfg = Debug|Any CPU
		{B1ED1BBA-59DC-4847-A380-E3BEFBCA7104}.Debug|x86.Build.0 = Debug|Any CPU
		{B1ED1BBA-59DC-4847-A380-E3BEFBCA7104}.Release|Any CPU.ActiveCfg = Release|Any CPU
		{B1ED1BBA-59DC-4847-A380-E3BEFBCA7104}.Release|Any CPU.Build.0 = Release|Any CPU
		{B1ED1BBA-59DC-4847-A380-E3BEFBCA7104}.Release|x64.ActiveCfg = Release|Any CPU
		{B1ED1BBA-59DC-4847-A380-E3BEFBCA7104}.Release|x64.Build.0 = Release|Any CPU
		{B1ED1BBA-59DC-4847-A380-E3BEFBCA7104}.Release|x86.ActiveCfg = Release|Any CPU
		{B1ED1BBA-59DC-4847-A380-E3BEFBCA7104}.Release|x86.Build.0 = Release|Any CPU
		{3D263C24-C5CA-45DA-9345-0176CFB1C73A}.Debug|Any CPU.ActiveCfg = Debug|Any CPU
		{3D263C24-C5CA-45DA-9345-0176CFB1C73A}.Debug|Any CPU.Build.0 = Debug|Any CPU
		{3D263C24-C5CA-45DA-9345-0176CFB1C73A}.Debug|x64.ActiveCfg = Debug|Any CPU
		{3D263C24-C5CA-45DA-9345-0176CFB1C73A}.Debug|x64.Build.0 = Debug|Any CPU
		{3D263C24-C5CA-45DA-9345-0176CFB1C73A}.Debug|x86.ActiveCfg = Debug|Any CPU
		{3D263C24-C5CA-45DA-9345-0176CFB1C73A}.Debug|x86.Build.0 = Debug|Any CPU
		{3D263C24-C5CA-45DA-9345-0176CFB1C73A}.Release|Any CPU.ActiveCfg = Release|Any CPU
		{3D263C24-C5CA-45DA-9345-0176CFB1C73A}.Release|Any CPU.Build.0 = Release|Any CPU
		{3D263C24-C5CA-45DA-9345-0176CFB1C73A}.Release|x64.ActiveCfg = Release|Any CPU
		{3D263C24-C5CA-45DA-9345-0176CFB1C73A}.Release|x64.Build.0 = Release|Any CPU
		{3D263C24-C5CA-45DA-9345-0176CFB1C73A}.Release|x86.ActiveCfg = Release|Any CPU
		{3D263C24-C5CA-45DA-9345-0176CFB1C73A}.Release|x86.Build.0 = Release|Any CPU
		{AB1E506A-AEA6-44FC-8832-91E2F310C8A3}.Debug|Any CPU.ActiveCfg = Debug|Any CPU
		{AB1E506A-AEA6-44FC-8832-91E2F310C8A3}.Debug|Any CPU.Build.0 = Debug|Any CPU
		{AB1E506A-AEA6-44FC-8832-91E2F310C8A3}.Debug|x64.ActiveCfg = Debug|Any CPU
		{AB1E506A-AEA6-44FC-8832-91E2F310C8A3}.Debug|x64.Build.0 = Debug|Any CPU
		{AB1E506A-AEA6-44FC-8832-91E2F310C8A3}.Debug|x86.ActiveCfg = Debug|Any CPU
		{AB1E506A-AEA6-44FC-8832-91E2F310C8A3}.Debug|x86.Build.0 = Debug|Any CPU
		{AB1E506A-AEA6-44FC-8832-91E2F310C8A3}.Release|Any CPU.ActiveCfg = Release|Any CPU
		{AB1E506A-AEA6-44FC-8832-91E2F310C8A3}.Release|Any CPU.Build.0 = Release|Any CPU
		{AB1E506A-AEA6-44FC-8832-91E2F310C8A3}.Release|x64.ActiveCfg = Release|Any CPU
		{AB1E506A-AEA6-44FC-8832-91E2F310C8A3}.Release|x64.Build.0 = Release|Any CPU
		{AB1E506A-AEA6-44FC-8832-91E2F310C8A3}.Release|x86.ActiveCfg = Release|Any CPU
		{AB1E506A-AEA6-44FC-8832-91E2F310C8A3}.Release|x86.Build.0 = Release|Any CPU
		{3F764796-4903-4D3A-A11F-12B1D0F0B7EB}.Debug|Any CPU.ActiveCfg = Debug|Any CPU
		{3F764796-4903-4D3A-A11F-12B1D0F0B7EB}.Debug|Any CPU.Build.0 = Debug|Any CPU
		{3F764796-4903-4D3A-A11F-12B1D0F0B7EB}.Debug|x64.ActiveCfg = Debug|Any CPU
		{3F764796-4903-4D3A-A11F-12B1D0F0B7EB}.Debug|x64.Build.0 = Debug|Any CPU
		{3F764796-4903-4D3A-A11F-12B1D0F0B7EB}.Debug|x86.ActiveCfg = Debug|Any CPU
		{3F764796-4903-4D3A-A11F-12B1D0F0B7EB}.Debug|x86.Build.0 = Debug|Any CPU
		{3F764796-4903-4D3A-A11F-12B1D0F0B7EB}.Release|Any CPU.ActiveCfg = Release|Any CPU
		{3F764796-4903-4D3A-A11F-12B1D0F0B7EB}.Release|Any CPU.Build.0 = Release|Any CPU
		{3F764796-4903-4D3A-A11F-12B1D0F0B7EB}.Release|x64.ActiveCfg = Release|Any CPU
		{3F764796-4903-4D3A-A11F-12B1D0F0B7EB}.Release|x64.Build.0 = Release|Any CPU
		{3F764796-4903-4D3A-A11F-12B1D0F0B7EB}.Release|x86.ActiveCfg = Release|Any CPU
		{3F764796-4903-4D3A-A11F-12B1D0F0B7EB}.Release|x86.Build.0 = Release|Any CPU
		{EA43A956-FB65-4919-94F3-E4EC3D86E750}.Debug|Any CPU.ActiveCfg = Debug|Any CPU
		{EA43A956-FB65-4919-94F3-E4EC3D86E750}.Debug|Any CPU.Build.0 = Debug|Any CPU
		{EA43A956-FB65-4919-94F3-E4EC3D86E750}.Debug|x64.ActiveCfg = Debug|Any CPU
		{EA43A956-FB65-4919-94F3-E4EC3D86E750}.Debug|x64.Build.0 = Debug|Any CPU
		{EA43A956-FB65-4919-94F3-E4EC3D86E750}.Debug|x86.ActiveCfg = Debug|Any CPU
		{EA43A956-FB65-4919-94F3-E4EC3D86E750}.Debug|x86.Build.0 = Debug|Any CPU
		{EA43A956-FB65-4919-94F3-E4EC3D86E750}.Release|Any CPU.ActiveCfg = Release|Any CPU
		{EA43A956-FB65-4919-94F3-E4EC3D86E750}.Release|Any CPU.Build.0 = Release|Any CPU
		{EA43A956-FB65-4919-94F3-E4EC3D86E750}.Release|x64.ActiveCfg = Release|Any CPU
		{EA43A956-FB65-4919-94F3-E4EC3D86E750}.Release|x64.Build.0 = Release|Any CPU
		{EA43A956-FB65-4919-94F3-E4EC3D86E750}.Release|x86.ActiveCfg = Release|Any CPU
		{EA43A956-FB65-4919-94F3-E4EC3D86E750}.Release|x86.Build.0 = Release|Any CPU
	EndGlobalSection
	GlobalSection(SolutionProperties) = preSolution
		HideSolutionNode = FALSE
	EndGlobalSection
	GlobalSection(NestedProjects) = preSolution
		{DB8DC859-FF2D-4B45-A53E-A88D14A4484E} = {30625B67-50E2-3290-E11B-CFFFE7C12F3E}
		{5524F5E2-9E42-4B46-950D-48387FEEE00E} = {30625B67-50E2-3290-E11B-CFFFE7C12F3E}
		{D411CA48-3D38-4E04-91B3-349E77F0525C} = {AA9DB573-8FBF-AD2A-31C4-7133FA26FAF8}
		{B1ED1BBA-59DC-4847-A380-E3BEFBCA7104} = {AA9DB573-8FBF-AD2A-31C4-7133FA26FAF8}
		{3D263C24-C5CA-45DA-9345-0176CFB1C73A} = {8E79E8E2-0076-BB2C-8AFC-2DF921FBEA30}
		{AB1E506A-AEA6-44FC-8832-91E2F310C8A3} = {8E79E8E2-0076-BB2C-8AFC-2DF921FBEA30}
		{3F764796-4903-4D3A-A11F-12B1D0F0B7EB} = {8E79E8E2-0076-BB2C-8AFC-2DF921FBEA30}
		{EA43A956-FB65-4919-94F3-E4EC3D86E750} = {AB451824-C61C-77B0-27A7-9C45A6BDF2F4}
	EndGlobalSection
EndGlobal
